
Microsoft Visual Studio Solution File, Format Version 12.00
# Visual Studio Version 16
VisualStudioVersion = 16.0.31129.286
MinimumVisualStudioVersion = 10.0.40219.1
Project("{FAE04EC0-301F-11D3-BF4B-00C04F79EFBC}") = "EscapeRoom", "EscapeRoom\EscapeRoom.csproj", "{99878884-C4F5-4F1F-8265-AE3CA0E33695}"
EndProject
Global
	GlobalSection(SolutionConfigurationPlatforms) = preSolution
		Debug|Any CPU = Debug|Any CPU
		Release|Any CPU = Release|Any CPU
	EndGlobalSection
	GlobalSection(ProjectConfigurationPlatforms) = postSolution
		{99878884-C4F5-4F1F-8265-AE3CA0E33695}.Debug|Any CPU.ActiveCfg = Debug|Any CPU
		{99878884-C4F5-4F1F-8265-AE3CA0E33695}.Debug|Any CPU.Build.0 = Debug|Any CPU
		{99878884-C4F5-4F1F-8265-AE3CA0E33695}.Release|Any CPU.ActiveCfg = Release|Any CPU
		{99878884-C4F5-4F1F-8265-AE3CA0E33695}.Release|Any CPU.Build.0 = Release|Any CPU
	EndGlobalSection
	GlobalSection(SolutionProperties) = preSolution
		HideSolutionNode = FALSE
	EndGlobalSection
	GlobalSection(ExtensibilityGlobals) = postSolution
		SolutionGuid = {DD19CD36-B553-40C0-A820-47F7B59D070D}
	EndGlobalSection
EndGlobal
